
Microsoft Visual Studio Solution File, Format Version 12.00
# Visual Studio Version 17
VisualStudioVersion = 17.6.33829.357
MinimumVisualStudioVersion = 10.0.40219.1
Project("{9A19103F-16F7-4668-BE54-9A1E7A4F7556}") = "AutomationHackathon23", "AutomationHackathon23.csproj", "{660A869A-E090-46C0-A460-776EFAB5D686}"
EndProject
Global
	GlobalSection(SolutionConfigurationPlatforms) = preSolution
		Debug|Any CPU = Debug|Any CPU
		Release|Any CPU = Release|Any CPU
	EndGlobalSection
	GlobalSection(ProjectConfigurationPlatforms) = postSolution
		{660A869A-E090-46C0-A460-776EFAB5D686}.Debug|Any CPU.ActiveCfg = Debug|Any CPU
		{660A869A-E090-46C0-A460-776EFAB5D686}.Debug|Any CPU.Build.0 = Debug|Any CPU
		{660A869A-E090-46C0-A460-776EFAB5D686}.Release|Any CPU.ActiveCfg = Release|Any CPU
		{660A869A-E090-46C0-A460-776EFAB5D686}.Release|Any CPU.Build.0 = Release|Any CPU
	EndGlobalSection
	GlobalSection(SolutionProperties) = preSolution
		HideSolutionNode = FALSE
	EndGlobalSection
	GlobalSection(ExtensibilityGlobals) = postSolution
		SolutionGuid = {6EF1E173-3EA1-4CB4-853A-D5DA55FB0CF0}
	EndGlobalSection
EndGlobal
